# THIS IS AN AUTOGENERATED FILE. DO NOT EDIT THIS FILE DIRECTLY.
# yarn lockfile v1


fullpage.js@^2.9.7:
  version "2.9.7"
  resolved "https://registry.yarnpkg.com/fullpage.js/-/fullpage.js-2.9.7.tgz#65b838a76a9cc459e6474d36ba54fd18aba52f3d"
  dependencies:
    jquery ">=1.6.0"

jquery@>=1.6.0, jquery@^3.3.1:
  version "3.3.1"
  resolved "https://registry.yarnpkg.com/jquery/-/jquery-3.3.1.tgz#958ce29e81c9790f31be7792df5d4d95fc57fbca"
